
Microsoft Visual Studio Solution File, Format Version 12.00
# Visual Studio Version 18
VisualStudioVersion = 18.0.11205.157
MinimumVisualStudioVersion = 10.0.40219.1
Project("{FAE04EC0-301F-11D3-BF4B-00C04F79EFBC}") = "Servy", "src\Servy\Servy.csproj", "{94182C28-CC25-2F20-1763-F275AEB96267}"
EndProject
Project("{2150E333-8FDC-42A3-9474-1A3956D46DE8}") = "global", "global", "{02EA681E-C7D8-13C7-8484-4AC65E1B71E8}"
	ProjectSection(SolutionItems) = preProject
		.gitignore = .gitignore
		bump-runtime.ps1 = bump-runtime.ps1
		bump-version.ps1 = bump-version.ps1
		codecov.yml = codecov.yml
		LICENSE.txt = LICENSE.txt
		NOTES.md = NOTES.md
		README.md = README.md
		ROADMAP.md = ROADMAP.md
	EndProjectSection
EndProject
Project("{2150E333-8FDC-42A3-9474-1A3956D46DE8}") = "apps", "apps", "{525B29D4-743C-4A5B-BFB6-82A3F981495E}"
EndProject
Project("{2150E333-8FDC-42A3-9474-1A3956D46DE8}") = "src", "src", "{F56CEF5B-4A0B-4494-8BFD-F6EC660B510E}"
EndProject
Project("{2150E333-8FDC-42A3-9474-1A3956D46DE8}") = "core", "core", "{7D103998-9A71-474A-A668-10311727E6E7}"
EndProject
Project("{2150E333-8FDC-42A3-9474-1A3956D46DE8}") = "service", "service", "{66EEF7A1-9E3D-4957-896A-394C6422F01F}"
EndProject
Project("{2150E333-8FDC-42A3-9474-1A3956D46DE8}") = "tests", "tests", "{50795869-2933-430F-98BD-956C414ABBE4}"
	ProjectSection(SolutionItems) = preProject
		tests\test.ps1 = tests\test.ps1
	EndProjectSection
EndProject
Project("{FAE04EC0-301F-11D3-BF4B-00C04F79EFBC}") = "Servy.Core", "src\Servy.Core\Servy.Core.csproj", "{12557834-2324-4DC8-8D79-A6CCAB71AB59}"
EndProject
Project("{FAE04EC0-301F-11D3-BF4B-00C04F79EFBC}") = "Servy.Core.UnitTests", "tests\Servy.Core.UnitTests\Servy.Core.UnitTests.csproj", "{9601662F-6D0C-4171-8EBE-329078BFE90A}"
EndProject
Project("{FAE04EC0-301F-11D3-BF4B-00C04F79EFBC}") = "Servy.Restarter", "src\Servy.Restarter\Servy.Restarter.csproj", "{93B5E5FE-F371-44BB-B01E-8577CBFCC4BA}"
EndProject
Project("{FAE04EC0-301F-11D3-BF4B-00C04F79EFBC}") = "Servy.Service.UnitTests", "tests\Servy.Service.UnitTests\Servy.Service.UnitTests.csproj", "{6B26F14D-4CF9-4A7E-A94E-1B2741CC627C}"
EndProject
Project("{FAE04EC0-301F-11D3-BF4B-00C04F79EFBC}") = "Servy.Restarter.UnitTests", "tests\Servy.Restarter.UnitTests\Servy.Restarter.UnitTests.csproj", "{05CEF054-B8AC-4088-9117-B8F6A508E85C}"
EndProject
Project("{2150E333-8FDC-42A3-9474-1A3956D46DE8}") = ".github", ".github", "{8E91D1D2-8183-4A34-922F-5F702720EBD6}"
	ProjectSection(SolutionItems) = preProject
		.github\azure-pipelines.yml = .github\azure-pipelines.yml
		.github\FUNDING.yml = .github\FUNDING.yml
	EndProjectSection
EndProject
Project("{2150E333-8FDC-42A3-9474-1A3956D46DE8}") = "workflows", "workflows", "{9FEDDCAA-5911-471B-94CC-9913899B5AD7}"
	ProjectSection(SolutionItems) = preProject
		.github\workflows\build.yml = .github\workflows\build.yml
		.github\workflows\bump-version.yml = .github\workflows\bump-version.yml
		.github\workflows\choco.yml = .github\workflows\choco.yml
		.github\workflows\loc-prod.yml = .github\workflows\loc-prod.yml
		.github\workflows\loc-tests.yml = .github\workflows\loc-tests.yml
		.github\workflows\loc-total.yml = .github\workflows\loc-total.yml
		.github\workflows\publish.yml = .github\workflows\publish.yml
		.github\workflows\release.yml = .github\workflows\release.yml
		.github\workflows\sbom.yml = .github\workflows\sbom.yml
		.github\workflows\scoop.yml = .github\workflows\scoop.yml
		.github\workflows\test.yml = .github\workflows\test.yml
		.github\workflows\tmp.yml = .github\workflows\tmp.yml
		.github\workflows\winget.yml = .github\workflows\winget.yml
	EndProjectSection
EndProject
Project("{FAE04EC0-301F-11D3-BF4B-00C04F79EFBC}") = "Servy.UnitTests", "tests\Servy.UnitTests\Servy.UnitTests.csproj", "{7EFC59C8-8037-4E5A-8B43-08273045AE64}"
EndProject
Project("{FAE04EC0-301F-11D3-BF4B-00C04F79EFBC}") = "Servy.CLI", "src\Servy.CLI\Servy.CLI.csproj", "{A693A6A5-551E-46BB-AA3F-9F80323342E0}"
EndProject
Project("{FAE04EC0-301F-11D3-BF4B-00C04F79EFBC}") = "Servy.CLI.UnitTests", "tests\Servy.CLI.UnitTests\Servy.CLI.UnitTests.csproj", "{72845E12-0BFD-4C14-93BF-4E005DE27554}"
EndProject
Project("{2150E333-8FDC-42A3-9474-1A3956D46DE8}") = "setup", "setup", "{11479D8F-D8B6-4AD7-BC82-A423FCC30779}"
	ProjectSection(SolutionItems) = preProject
		setup\publish-fd.ps1 = setup\publish-fd.ps1
		setup\publish-sc.ps1 = setup\publish-sc.ps1
		setup\publish.ps1 = setup\publish.ps1
		setup\servy-fd.iss = setup\servy-fd.iss
		setup\servy.iss = setup\servy.iss
		setup\signpath.ps1 = setup\signpath.ps1
	EndProjectSection
EndProject
Project("{FAE04EC0-301F-11D3-BF4B-00C04F79EFBC}") = "Servy.Infrastructure", "src\Servy.Infrastructure\Servy.Infrastructure.csproj", "{17B715D3-353A-4370-9FBE-8A0F079F5D56}"
EndProject
Project("{FAE04EC0-301F-11D3-BF4B-00C04F79EFBC}") = "Servy.Infrastructure.UnitTests", "tests\Servy.Infrastructure.UnitTests\Servy.Infrastructure.UnitTests.csproj", "{AE1B7B00-6FC4-4385-8C69-CE3C4FFE2E4E}"
EndProject
Project("{2150E333-8FDC-42A3-9474-1A3956D46DE8}") = "data", "data", "{600A36AC-7B7F-44A9-9BDF-B9D86BB31E82}"
	ProjectSection(SolutionItems) = preProject
		tests\data\Service.json = tests\data\Service.json
		tests\data\Service.xml = tests\data\Service.xml
	EndProjectSection
EndProject
Project("{FAE04EC0-301F-11D3-BF4B-00C04F79EFBC}") = "Servy.Manager", "src\Servy.Manager\Servy.Manager.csproj", "{502C7577-7E31-4BAE-B259-E2EDC15CF541}"
EndProject
Project("{FAE04EC0-301F-11D3-BF4B-00C04F79EFBC}") = "Servy.UI", "src\Servy.UI\Servy.UI.csproj", "{7A15D976-7395-4827-BB96-9362167C7D26}"
EndProject
Project("{FAE04EC0-301F-11D3-BF4B-00C04F79EFBC}") = "Servy.Manager.UnitTests", "tests\Servy.Manager.UnitTests\Servy.Manager.UnitTests.csproj", "{9947CE01-9A62-4503-92DD-25723F8EA56B}"
EndProject
Project("{FAE04EC0-301F-11D3-BF4B-00C04F79EFBC}") = "Servy.UI.UnitTests", "tests\Servy.UI.UnitTests\Servy.UI.UnitTests.csproj", "{62ABE4F3-41AB-4ADC-AF50-C77992E5846D}"
EndProject
Project("{2150E333-8FDC-42A3-9474-1A3956D46DE8}") = "taskschd", "taskschd", "{9253D26F-5A46-4EE3-B0B7-0097AB90384E}"
	ProjectSection(SolutionItems) = preProject
		setup\taskschd\ServyFailureEmail.ps1 = setup\taskschd\ServyFailureEmail.ps1
		setup\taskschd\ServyFailureEmail.vbs = setup\taskschd\ServyFailureEmail.vbs
		setup\taskschd\ServyFailureEmail.xml = setup\taskschd\ServyFailureEmail.xml
		setup\taskschd\ServyFailureNotification.ps1 = setup\taskschd\ServyFailureNotification.ps1
		setup\taskschd\ServyFailureNotification.vbs = setup\taskschd\ServyFailureNotification.vbs
		setup\taskschd\ServyFailureNotification.xml = setup\taskschd\ServyFailureNotification.xml
	EndProjectSection
EndProject
Project("{FAE04EC0-301F-11D3-BF4B-00C04F79EFBC}") = "Servy.Service", "src\Servy.Service\Servy.Service.csproj", "{02B40D5D-6A53-442A-9A5E-C51043592558}"
EndProject
Global
	GlobalSection(SolutionConfigurationPlatforms) = preSolution
		Debug|Any CPU = Debug|Any CPU
		Release|Any CPU = Release|Any CPU
	EndGlobalSection
	GlobalSection(ProjectConfigurationPlatforms) = postSolution
		{94182C28-CC25-2F20-1763-F275AEB96267}.Debug|Any CPU.ActiveCfg = Debug|Any CPU
		{94182C28-CC25-2F20-1763-F275AEB96267}.Debug|Any CPU.Build.0 = Debug|Any CPU
		{94182C28-CC25-2F20-1763-F275AEB96267}.Release|Any CPU.ActiveCfg = Release|Any CPU
		{94182C28-CC25-2F20-1763-F275AEB96267}.Release|Any CPU.Build.0 = Release|Any CPU
		{12557834-2324-4DC8-8D79-A6CCAB71AB59}.Debug|Any CPU.ActiveCfg = Debug|Any CPU
		{12557834-2324-4DC8-8D79-A6CCAB71AB59}.Debug|Any CPU.Build.0 = Debug|Any CPU
		{12557834-2324-4DC8-8D79-A6CCAB71AB59}.Release|Any CPU.ActiveCfg = Release|Any CPU
		{12557834-2324-4DC8-8D79-A6CCAB71AB59}.Release|Any CPU.Build.0 = Release|Any CPU
		{9601662F-6D0C-4171-8EBE-329078BFE90A}.Debug|Any CPU.ActiveCfg = Debug|Any CPU
		{9601662F-6D0C-4171-8EBE-329078BFE90A}.Debug|Any CPU.Build.0 = Debug|Any CPU
		{9601662F-6D0C-4171-8EBE-329078BFE90A}.Release|Any CPU.ActiveCfg = Release|Any CPU
		{9601662F-6D0C-4171-8EBE-329078BFE90A}.Release|Any CPU.Build.0 = Release|Any CPU
		{93B5E5FE-F371-44BB-B01E-8577CBFCC4BA}.Debug|Any CPU.ActiveCfg = Debug|Any CPU
		{93B5E5FE-F371-44BB-B01E-8577CBFCC4BA}.Debug|Any CPU.Build.0 = Debug|Any CPU
		{93B5E5FE-F371-44BB-B01E-8577CBFCC4BA}.Release|Any CPU.ActiveCfg = Release|Any CPU
		{93B5E5FE-F371-44BB-B01E-8577CBFCC4BA}.Release|Any CPU.Build.0 = Release|Any CPU
		{6B26F14D-4CF9-4A7E-A94E-1B2741CC627C}.Debug|Any CPU.ActiveCfg = Debug|Any CPU
		{6B26F14D-4CF9-4A7E-A94E-1B2741CC627C}.Debug|Any CPU.Build.0 = Debug|Any CPU
		{6B26F14D-4CF9-4A7E-A94E-1B2741CC627C}.Release|Any CPU.ActiveCfg = Release|Any CPU
		{6B26F14D-4CF9-4A7E-A94E-1B2741CC627C}.Release|Any CPU.Build.0 = Release|Any CPU
		{05CEF054-B8AC-4088-9117-B8F6A508E85C}.Debug|Any CPU.ActiveCfg = Debug|Any CPU
		{05CEF054-B8AC-4088-9117-B8F6A508E85C}.Debug|Any CPU.Build.0 = Debug|Any CPU
		{05CEF054-B8AC-4088-9117-B8F6A508E85C}.Release|Any CPU.ActiveCfg = Release|Any CPU
		{05CEF054-B8AC-4088-9117-B8F6A508E85C}.Release|Any CPU.Build.0 = Release|Any CPU
		{7EFC59C8-8037-4E5A-8B43-08273045AE64}.Debug|Any CPU.ActiveCfg = Debug|Any CPU
		{7EFC59C8-8037-4E5A-8B43-08273045AE64}.Debug|Any CPU.Build.0 = Debug|Any CPU
		{7EFC59C8-8037-4E5A-8B43-08273045AE64}.Release|Any CPU.ActiveCfg = Release|Any CPU
		{7EFC59C8-8037-4E5A-8B43-08273045AE64}.Release|Any CPU.Build.0 = Release|Any CPU
		{A693A6A5-551E-46BB-AA3F-9F80323342E0}.Debug|Any CPU.ActiveCfg = Debug|Any CPU
		{A693A6A5-551E-46BB-AA3F-9F80323342E0}.Debug|Any CPU.Build.0 = Debug|Any CPU
		{A693A6A5-551E-46BB-AA3F-9F80323342E0}.Release|Any CPU.ActiveCfg = Release|Any CPU
		{A693A6A5-551E-46BB-AA3F-9F80323342E0}.Release|Any CPU.Build.0 = Release|Any CPU
		{72845E12-0BFD-4C14-93BF-4E005DE27554}.Debug|Any CPU.ActiveCfg = Debug|Any CPU
		{72845E12-0BFD-4C14-93BF-4E005DE27554}.Debug|Any CPU.Build.0 = Debug|Any CPU
		{72845E12-0BFD-4C14-93BF-4E005DE27554}.Release|Any CPU.ActiveCfg = Release|Any CPU
		{72845E12-0BFD-4C14-93BF-4E005DE27554}.Release|Any CPU.Build.0 = Release|Any CPU
		{17B715D3-353A-4370-9FBE-8A0F079F5D56}.Debug|Any CPU.ActiveCfg = Debug|Any CPU
		{17B715D3-353A-4370-9FBE-8A0F079F5D56}.Debug|Any CPU.Build.0 = Debug|Any CPU
		{17B715D3-353A-4370-9FBE-8A0F079F5D56}.Release|Any CPU.ActiveCfg = Release|Any CPU
		{17B715D3-353A-4370-9FBE-8A0F079F5D56}.Release|Any CPU.Build.0 = Release|Any CPU
		{AE1B7B00-6FC4-4385-8C69-CE3C4FFE2E4E}.Debug|Any CPU.ActiveCfg = Debug|Any CPU
		{AE1B7B00-6FC4-4385-8C69-CE3C4FFE2E4E}.Debug|Any CPU.Build.0 = Debug|Any CPU
		{AE1B7B00-6FC4-4385-8C69-CE3C4FFE2E4E}.Release|Any CPU.ActiveCfg = Release|Any CPU
		{AE1B7B00-6FC4-4385-8C69-CE3C4FFE2E4E}.Release|Any CPU.Build.0 = Release|Any CPU
		{502C7577-7E31-4BAE-B259-E2EDC15CF541}.Debug|Any CPU.ActiveCfg = Debug|Any CPU
		{502C7577-7E31-4BAE-B259-E2EDC15CF541}.Debug|Any CPU.Build.0 = Debug|Any CPU
		{502C7577-7E31-4BAE-B259-E2EDC15CF541}.Release|Any CPU.ActiveCfg = Release|Any CPU
		{502C7577-7E31-4BAE-B259-E2EDC15CF541}.Release|Any CPU.Build.0 = Release|Any CPU
		{7A15D976-7395-4827-BB96-9362167C7D26}.Debug|Any CPU.ActiveCfg = Debug|Any CPU
		{7A15D976-7395-4827-BB96-9362167C7D26}.Debug|Any CPU.Build.0 = Debug|Any CPU
		{7A15D976-7395-4827-BB96-9362167C7D26}.Release|Any CPU.ActiveCfg = Release|Any CPU
		{7A15D976-7395-4827-BB96-9362167C7D26}.Release|Any CPU.Build.0 = Release|Any CPU
		{9947CE01-9A62-4503-92DD-25723F8EA56B}.Debug|Any CPU.ActiveCfg = Debug|Any CPU
		{9947CE01-9A62-4503-92DD-25723F8EA56B}.Debug|Any CPU.Build.0 = Debug|Any CPU
		{9947CE01-9A62-4503-92DD-25723F8EA56B}.Release|Any CPU.ActiveCfg = Release|Any CPU
		{9947CE01-9A62-4503-92DD-25723F8EA56B}.Release|Any CPU.Build.0 = Release|Any CPU
		{62ABE4F3-41AB-4ADC-AF50-C77992E5846D}.Debug|Any CPU.ActiveCfg = Debug|Any CPU
		{62ABE4F3-41AB-4ADC-AF50-C77992E5846D}.Debug|Any CPU.Build.0 = Debug|Any CPU
		{62ABE4F3-41AB-4ADC-AF50-C77992E5846D}.Release|Any CPU.ActiveCfg = Release|Any CPU
		{62ABE4F3-41AB-4ADC-AF50-C77992E5846D}.Release|Any CPU.Build.0 = Release|Any CPU
		{02B40D5D-6A53-442A-9A5E-C51043592558}.Debug|Any CPU.ActiveCfg = Debug|Any CPU
		{02B40D5D-6A53-442A-9A5E-C51043592558}.Debug|Any CPU.Build.0 = Debug|Any CPU
		{02B40D5D-6A53-442A-9A5E-C51043592558}.Release|Any CPU.ActiveCfg = Release|Any CPU
		{02B40D5D-6A53-442A-9A5E-C51043592558}.Release|Any CPU.Build.0 = Release|Any CPU
	EndGlobalSection
	GlobalSection(SolutionProperties) = preSolution
		HideSolutionNode = FALSE
	EndGlobalSection
	GlobalSection(NestedProjects) = preSolution
		{94182C28-CC25-2F20-1763-F275AEB96267} = {525B29D4-743C-4A5B-BFB6-82A3F981495E}
		{525B29D4-743C-4A5B-BFB6-82A3F981495E} = {F56CEF5B-4A0B-4494-8BFD-F6EC660B510E}
		{7D103998-9A71-474A-A668-10311727E6E7} = {F56CEF5B-4A0B-4494-8BFD-F6EC660B510E}
		{66EEF7A1-9E3D-4957-896A-394C6422F01F} = {F56CEF5B-4A0B-4494-8BFD-F6EC660B510E}
		{12557834-2324-4DC8-8D79-A6CCAB71AB59} = {7D103998-9A71-474A-A668-10311727E6E7}
		{9601662F-6D0C-4171-8EBE-329078BFE90A} = {50795869-2933-430F-98BD-956C414ABBE4}
		{93B5E5FE-F371-44BB-B01E-8577CBFCC4BA} = {66EEF7A1-9E3D-4957-896A-394C6422F01F}
		{6B26F14D-4CF9-4A7E-A94E-1B2741CC627C} = {50795869-2933-430F-98BD-956C414ABBE4}
		{05CEF054-B8AC-4088-9117-B8F6A508E85C} = {50795869-2933-430F-98BD-956C414ABBE4}
		{9FEDDCAA-5911-471B-94CC-9913899B5AD7} = {8E91D1D2-8183-4A34-922F-5F702720EBD6}
		{7EFC59C8-8037-4E5A-8B43-08273045AE64} = {50795869-2933-430F-98BD-956C414ABBE4}
		{A693A6A5-551E-46BB-AA3F-9F80323342E0} = {525B29D4-743C-4A5B-BFB6-82A3F981495E}
		{72845E12-0BFD-4C14-93BF-4E005DE27554} = {50795869-2933-430F-98BD-956C414ABBE4}
		{17B715D3-353A-4370-9FBE-8A0F079F5D56} = {7D103998-9A71-474A-A668-10311727E6E7}
		{AE1B7B00-6FC4-4385-8C69-CE3C4FFE2E4E} = {50795869-2933-430F-98BD-956C414ABBE4}
		{502C7577-7E31-4BAE-B259-E2EDC15CF541} = {525B29D4-743C-4A5B-BFB6-82A3F981495E}
		{7A15D976-7395-4827-BB96-9362167C7D26} = {7D103998-9A71-474A-A668-10311727E6E7}
		{9947CE01-9A62-4503-92DD-25723F8EA56B} = {50795869-2933-430F-98BD-956C414ABBE4}
		{62ABE4F3-41AB-4ADC-AF50-C77992E5846D} = {50795869-2933-430F-98BD-956C414ABBE4}
		{9253D26F-5A46-4EE3-B0B7-0097AB90384E} = {11479D8F-D8B6-4AD7-BC82-A423FCC30779}
		{02B40D5D-6A53-442A-9A5E-C51043592558} = {66EEF7A1-9E3D-4957-896A-394C6422F01F}
	EndGlobalSection
	GlobalSection(ExtensibilityGlobals) = postSolution
		SolutionGuid = {93B02B52-77CF-4BAA-AD7E-08960E6D6482}
	EndGlobalSection
EndGlobal
