Microsoft Visual Studio Solution File, Format Version 12.00
# Visual Studio Version 17
VisualStudioVersion = 17.5.2.0
MinimumVisualStudioVersion = 10.0.40219.1
Project("{FAE04EC0-301F-11D3-BF4B-00C04F79EFBC}") = "Servy.CLI", "Servy.CLI.csproj", "{302C5F25-45B2-AE92-7F6C-D12FB413D29D}"
EndProject
Global
	GlobalSection(SolutionConfigurationPlatforms) = preSolution
		Debug|Any CPU = Debug|Any CPU
		Release|Any CPU = Release|Any CPU
	EndGlobalSection
	GlobalSection(ProjectConfigurationPlatforms) = postSolution
		{302C5F25-45B2-AE92-7F6C-D12FB413D29D}.Debug|Any CPU.ActiveCfg = Debug|Any CPU
		{302C5F25-45B2-AE92-7F6C-D12FB413D29D}.Debug|Any CPU.Build.0 = Debug|Any CPU
		{302C5F25-45B2-AE92-7F6C-D12FB413D29D}.Release|Any CPU.ActiveCfg = Release|Any CPU
		{302C5F25-45B2-AE92-7F6C-D12FB413D29D}.Release|Any CPU.Build.0 = Release|Any CPU
	EndGlobalSection
	GlobalSection(SolutionProperties) = preSolution
		HideSolutionNode = FALSE
	EndGlobalSection
	GlobalSection(ExtensibilityGlobals) = postSolution
		SolutionGuid = {DA9CBD91-333C-4F4B-BE9B-5F2E688F42EA}
	EndGlobalSection
EndGlobal
