
Microsoft Visual Studio Solution File, Format Version 12.00
# Visual Studio Version 17
VisualStudioVersion = 17.14.36518.9 d17.14
MinimumVisualStudioVersion = 10.0.40219.1
Project("{FAE04EC0-301F-11D3-BF4B-00C04F79EFBC}") = "ConsoleApp", "ConsoleApp\ConsoleApp.csproj", "{DBF976AD-8B73-4ED8-BA2E-F479D161EFDF}"
EndProject
Global
	GlobalSection(SolutionConfigurationPlatforms) = preSolution
		Debug|Any CPU = Debug|Any CPU
		Release|Any CPU = Release|Any CPU
	EndGlobalSection
	GlobalSection(ProjectConfigurationPlatforms) = postSolution
		{DBF976AD-8B73-4ED8-BA2E-F479D161EFDF}.Debug|Any CPU.ActiveCfg = Debug|Any CPU
		{DBF976AD-8B73-4ED8-BA2E-F479D161EFDF}.Debug|Any CPU.Build.0 = Debug|Any CPU
		{DBF976AD-8B73-4ED8-BA2E-F479D161EFDF}.Release|Any CPU.ActiveCfg = Release|Any CPU
		{DBF976AD-8B73-4ED8-BA2E-F479D161EFDF}.Release|Any CPU.Build.0 = Release|Any CPU
	EndGlobalSection
	GlobalSection(SolutionProperties) = preSolution
		HideSolutionNode = FALSE
	EndGlobalSection
	GlobalSection(ExtensibilityGlobals) = postSolution
		SolutionGuid = {2FFE10E9-D23F-4FCF-ABDB-8494431CF486}
	EndGlobalSection
EndGlobal
